
Microsoft Visual Studio Solution File, Format Version 12.00
# Visual Studio 14
VisualStudioVersion = 14.0.23107.0
MinimumVisualStudioVersion = 10.0.40219.1
Project("{FAE04EC0-301F-11D3-BF4B-00C04F79EFBC}") = "Hallam.RedditRankedFlairs", "Hallam.RedditRankedFlairs\Hallam.RedditRankedFlairs.csproj", "{602234B1-6BEB-4520-A26E-35EB0C5B635D}"
EndProject
Project("{FAE04EC0-301F-11D3-BF4B-00C04F79EFBC}") = "Hallam.RedditRankedFlairs.Data", "Hallam.RedditRankedFlairs.Data\Hallam.RedditRankedFlairs.Data.csproj", "{0684E3EC-DE9D-409B-8CCD-C3566763A2A7}"
EndProject
Project("{FAE04EC0-301F-11D3-BF4B-00C04F79EFBC}") = "Hallam.RedditRankedFlairs.Infrastructure", "Hallam.RedditRankedFlairs.Infrastructure\Hallam.RedditRankedFlairs.Infrastructure.csproj", "{9357D4E8-FC65-469E-9EBA-12B82BABD7E8}"
EndProject
Project("{2150E333-8FDC-42A3-9474-1A3956D46DE8}") = "1.0 Presentation", "1.0 Presentation", "{FE7174B2-207C-4895-B0FD-76F4B616C6E3}"
EndProject
Project("{2150E333-8FDC-42A3-9474-1A3956D46DE8}") = "2.0 Service", "2.0 Service", "{7F40DA89-D651-4A91-B2E2-D3B526276E11}"
EndProject
Project("{2150E333-8FDC-42A3-9474-1A3956D46DE8}") = "3.0 Data Access", "3.0 Data Access", "{39D62EAB-1E4A-4031-A349-BFA83A8C133B}"
EndProject
Project("{2150E333-8FDC-42A3-9474-1A3956D46DE8}") = "2.1 Domain Objects", "2.1 Domain Objects", "{7D3F7738-B586-4FB8-B4D1-ED3AF9983CF1}"
EndProject
Project("{FAE04EC0-301F-11D3-BF4B-00C04F79EFBC}") = "Hallam.RedditRankedFlairs.Riot", "Hallam.RedditRankedFlairs.Riot\Hallam.RedditRankedFlairs.Riot.csproj", "{83196BCD-E758-40B7-9534-C176C86983AA}"
EndProject
Project("{2150E333-8FDC-42A3-9474-1A3956D46DE8}") = "Contributions", "Contributions", "{89BB64D4-33D3-4D04-A818-765961AE2F8A}"
EndProject
Project("{FAE04EC0-301F-11D3-BF4B-00C04F79EFBC}") = "Owin.Security.Providers", "OwinOAuthProviders\Owin.Security.Providers\Owin.Security.Providers.csproj", "{6AD9BA00-1330-426D-8BAE-2D3BC0D976E4}"
EndProject
Project("{FAE04EC0-301F-11D3-BF4B-00C04F79EFBC}") = "Hallam.RedditRankedFlairs.Reddit", "Hallam.RedditRankedFlairs.Reddit\Hallam.RedditRankedFlairs.Reddit.csproj", "{23F0DE13-732D-4CDC-9BF2-EAFCA93814E8}"
EndProject
Global
	GlobalSection(SolutionConfigurationPlatforms) = preSolution
		Debug|Any CPU = Debug|Any CPU
		Release|Any CPU = Release|Any CPU
	EndGlobalSection
	GlobalSection(ProjectConfigurationPlatforms) = postSolution
		{602234B1-6BEB-4520-A26E-35EB0C5B635D}.Debug|Any CPU.ActiveCfg = Debug|Any CPU
		{602234B1-6BEB-4520-A26E-35EB0C5B635D}.Debug|Any CPU.Build.0 = Debug|Any CPU
		{602234B1-6BEB-4520-A26E-35EB0C5B635D}.Release|Any CPU.ActiveCfg = Release|Any CPU
		{602234B1-6BEB-4520-A26E-35EB0C5B635D}.Release|Any CPU.Build.0 = Release|Any CPU
		{0684E3EC-DE9D-409B-8CCD-C3566763A2A7}.Debug|Any CPU.ActiveCfg = Debug|Any CPU
		{0684E3EC-DE9D-409B-8CCD-C3566763A2A7}.Debug|Any CPU.Build.0 = Debug|Any CPU
		{0684E3EC-DE9D-409B-8CCD-C3566763A2A7}.Release|Any CPU.ActiveCfg = Release|Any CPU
		{0684E3EC-DE9D-409B-8CCD-C3566763A2A7}.Release|Any CPU.Build.0 = Release|Any CPU
		{9357D4E8-FC65-469E-9EBA-12B82BABD7E8}.Debug|Any CPU.ActiveCfg = Debug|Any CPU
		{9357D4E8-FC65-469E-9EBA-12B82BABD7E8}.Debug|Any CPU.Build.0 = Debug|Any CPU
		{9357D4E8-FC65-469E-9EBA-12B82BABD7E8}.Release|Any CPU.ActiveCfg = Release|Any CPU
		{9357D4E8-FC65-469E-9EBA-12B82BABD7E8}.Release|Any CPU.Build.0 = Release|Any CPU
		{83196BCD-E758-40B7-9534-C176C86983AA}.Debug|Any CPU.ActiveCfg = Debug|Any CPU
		{83196BCD-E758-40B7-9534-C176C86983AA}.Debug|Any CPU.Build.0 = Debug|Any CPU
		{83196BCD-E758-40B7-9534-C176C86983AA}.Release|Any CPU.ActiveCfg = Release|Any CPU
		{83196BCD-E758-40B7-9534-C176C86983AA}.Release|Any CPU.Build.0 = Release|Any CPU
		{6AD9BA00-1330-426D-8BAE-2D3BC0D976E4}.Debug|Any CPU.ActiveCfg = Debug|Any CPU
		{6AD9BA00-1330-426D-8BAE-2D3BC0D976E4}.Debug|Any CPU.Build.0 = Debug|Any CPU
		{6AD9BA00-1330-426D-8BAE-2D3BC0D976E4}.Release|Any CPU.ActiveCfg = Release|Any CPU
		{6AD9BA00-1330-426D-8BAE-2D3BC0D976E4}.Release|Any CPU.Build.0 = Release|Any CPU
		{23F0DE13-732D-4CDC-9BF2-EAFCA93814E8}.Debug|Any CPU.ActiveCfg = Debug|Any CPU
		{23F0DE13-732D-4CDC-9BF2-EAFCA93814E8}.Debug|Any CPU.Build.0 = Debug|Any CPU
		{23F0DE13-732D-4CDC-9BF2-EAFCA93814E8}.Release|Any CPU.ActiveCfg = Release|Any CPU
		{23F0DE13-732D-4CDC-9BF2-EAFCA93814E8}.Release|Any CPU.Build.0 = Release|Any CPU
	EndGlobalSection
	GlobalSection(SolutionProperties) = preSolution
		HideSolutionNode = FALSE
	EndGlobalSection
	GlobalSection(NestedProjects) = preSolution
		{602234B1-6BEB-4520-A26E-35EB0C5B635D} = {FE7174B2-207C-4895-B0FD-76F4B616C6E3}
		{0684E3EC-DE9D-409B-8CCD-C3566763A2A7} = {39D62EAB-1E4A-4031-A349-BFA83A8C133B}
		{9357D4E8-FC65-469E-9EBA-12B82BABD7E8} = {7F40DA89-D651-4A91-B2E2-D3B526276E11}
		{7D3F7738-B586-4FB8-B4D1-ED3AF9983CF1} = {7F40DA89-D651-4A91-B2E2-D3B526276E11}
		{83196BCD-E758-40B7-9534-C176C86983AA} = {7D3F7738-B586-4FB8-B4D1-ED3AF9983CF1}
		{6AD9BA00-1330-426D-8BAE-2D3BC0D976E4} = {89BB64D4-33D3-4D04-A818-765961AE2F8A}
		{23F0DE13-732D-4CDC-9BF2-EAFCA93814E8} = {7D3F7738-B586-4FB8-B4D1-ED3AF9983CF1}
	EndGlobalSection
EndGlobal
