
Microsoft Visual Studio Solution File, Format Version 12.00
# Visual Studio 15
VisualStudioVersion = 15.0.27703.2000
MinimumVisualStudioVersion = 10.0.40219.1
Project("{9A19103F-16F7-4668-BE54-9A1E7A4F7556}") = "RedditFlairs.Core", "RedditFlairs.Core\RedditFlairs.Core.csproj", "{B96372CD-9DFC-45D9-985E-2299D2176BAB}"
EndProject
Project("{9A19103F-16F7-4668-BE54-9A1E7A4F7556}") = "RedditFlairs.Web", "RedditFlairs.Web\RedditFlairs.Web.csproj", "{12AA6201-CAF0-4FFF-BB0E-3E7E6F52A15A}"
EndProject
Global
	GlobalSection(SolutionConfigurationPlatforms) = preSolution
		Debug|Any CPU = Debug|Any CPU
		Release|Any CPU = Release|Any CPU
	EndGlobalSection
	GlobalSection(ProjectConfigurationPlatforms) = postSolution
		{B96372CD-9DFC-45D9-985E-2299D2176BAB}.Debug|Any CPU.ActiveCfg = Debug|Any CPU
		{B96372CD-9DFC-45D9-985E-2299D2176BAB}.Debug|Any CPU.Build.0 = Debug|Any CPU
		{B96372CD-9DFC-45D9-985E-2299D2176BAB}.Release|Any CPU.ActiveCfg = Release|Any CPU
		{B96372CD-9DFC-45D9-985E-2299D2176BAB}.Release|Any CPU.Build.0 = Release|Any CPU
		{12AA6201-CAF0-4FFF-BB0E-3E7E6F52A15A}.Debug|Any CPU.ActiveCfg = Debug|Any CPU
		{12AA6201-CAF0-4FFF-BB0E-3E7E6F52A15A}.Debug|Any CPU.Build.0 = Debug|Any CPU
		{12AA6201-CAF0-4FFF-BB0E-3E7E6F52A15A}.Release|Any CPU.ActiveCfg = Release|Any CPU
		{12AA6201-CAF0-4FFF-BB0E-3E7E6F52A15A}.Release|Any CPU.Build.0 = Release|Any CPU
	EndGlobalSection
	GlobalSection(SolutionProperties) = preSolution
		HideSolutionNode = FALSE
	EndGlobalSection
	GlobalSection(ExtensibilityGlobals) = postSolution
		SolutionGuid = {81A23EA5-8EF4-4C71-B6F7-5CE515D924EF}
	EndGlobalSection
EndGlobal
